// !$*UTF8*$!
{
	archiveVersion = 1;
	classes = {
	};
	objectVersion = 56;
	objects = {

/* Begin PBXBuildFile section */
		CA1AD38329FE146200FE90F6 /* Strings.swift in Sources */ = {isa = PBXBuildFile; fileRef = CA1AD38229FE146200FE90F6 /* Strings.swift */; };
		CA311A9129F6506400CEB8C2 /* String+SpecialCharacters.swift in Sources */ = {isa = PBXBuildFile; fileRef = CA311A9029F6506400CEB8C2 /* String+SpecialCharacters.swift */; };
		CA72382B29F9902F00DB76D3 /* CCalTests.swift in Sources */ = {isa = PBXBuildFile; fileRef = CA72382A29F9902F00DB76D3 /* CCalTests.swift */; };
		CA72382F29F9903900DB76D3 /* RPNCal.swift in Sources */ = {isa = PBXBuildFile; fileRef = CA9EDE6229F8D0E600FC9B96 /* RPNCal.swift */; };
		CA72383029F9903E00DB76D3 /* String+SpecialCharacters.swift in Sources */ = {isa = PBXBuildFile; fileRef = CA311A9029F6506400CEB8C2 /* String+SpecialCharacters.swift */; };
		CA72383129F9904100DB76D3 /* Array+Helpers.swift in Sources */ = {isa = PBXBuildFile; fileRef = CAE7372A29F5A203000982C1 /* Array+Helpers.swift */; };
		CA9EDE6329F8D0E600FC9B96 /* RPNCal.swift in Sources */ = {isa = PBXBuildFile; fileRef = CA9EDE6229F8D0E600FC9B96 /* RPNCal.swift */; };
		CAE7372429F5A097000982C1 /* main.swift in Sources */ = {isa = PBXBuildFile; fileRef = CAE7372329F5A097000982C1 /* main.swift */; };
		CAE7372B29F5A203000982C1 /* Array+Helpers.swift in Sources */ = {isa = PBXBuildFile; fileRef = CAE7372A29F5A203000982C1 /* Array+Helpers.swift */; };
/* End PBXBuildFile section */

/* Begin PBXCopyFilesBuildPhase section */
		CAE7371E29F5A097000982C1 /* CopyFiles */ = {
			isa = PBXCopyFilesBuildPhase;
			buildActionMask = 2147483647;
			dstPath = /usr/share/man/man1/;
			dstSubfolderSpec = 0;
			files = (
			);
			runOnlyForDeploymentPostprocessing = 1;
		};
/* End PBXCopyFilesBuildPhase section */

/* Begin PBXFileReference section */
		CA1AD38229FE146200FE90F6 /* Strings.swift */ = {isa = PBXFileReference; lastKnownFileType = sourcecode.swift; path = Strings.swift; sourceTree = "<group>"; };
		CA311A9029F6506400CEB8C2 /* String+SpecialCharacters.swift */ = {isa = PBXFileReference; lastKnownFileType = sourcecode.swift; path = "String+SpecialCharacters.swift"; sourceTree = "<group>"; };
		CA72382829F9902E00DB76D3 /* CCalTests.xctest */ = {isa = PBXFileReference; explicitFileType = wrapper.cfbundle; includeInIndex = 0; path = CCalTests.xctest; sourceTree = BUILT_PRODUCTS_DIR; };
		CA72382A29F9902F00DB76D3 /* CCalTests.swift */ = {isa = PBXFileReference; lastKnownFileType = sourcecode.swift; path = CCalTests.swift; sourceTree = "<group>"; };
		CA9EDE6229F8D0E600FC9B96 /* RPNCal.swift */ = {isa = PBXFileReference; lastKnownFileType = sourcecode.swift; path = RPNCal.swift; sourceTree = "<group>"; };
		CAE7372029F5A097000982C1 /* CCal */ = {isa = PBXFileReference; explicitFileType = "compiled.mach-o.executable"; includeInIndex = 0; path = CCal; sourceTree = BUILT_PRODUCTS_DIR; };
		CAE7372329F5A097000982C1 /* main.swift */ = {isa = PBXFileReference; lastKnownFileType = sourcecode.swift; path = main.swift; sourceTree = "<group>"; };
		CAE7372A29F5A203000982C1 /* Array+Helpers.swift */ = {isa = PBXFileReference; lastKnownFileType = sourcecode.swift; path = "Array+Helpers.swift"; sourceTree = "<group>"; };
/* End PBXFileReference section */

/* Begin PBXFrameworksBuildPhase section */
		CA72382529F9902E00DB76D3 /* Frameworks */ = {
			isa = PBXFrameworksBuildPhase;
			buildActionMask = 2147483647;
			files = (
			);
			runOnlyForDeploymentPostprocessing = 0;
		};
		CAE7371D29F5A097000982C1 /* Frameworks */ = {
			isa = PBXFrameworksBuildPhase;
			buildActionMask = 2147483647;
			files = (
			);
			runOnlyForDeploymentPostprocessing = 0;
		};
/* End PBXFrameworksBuildPhase section */

/* Begin PBXGroup section */
		CA72382929F9902F00DB76D3 /* CCalTests */ = {
			isa = PBXGroup;
			children = (
				CA72382A29F9902F00DB76D3 /* CCalTests.swift */,
			);
			path = CCalTests;
			sourceTree = "<group>";
		};
		CAE7371729F5A097000982C1 = {
			isa = PBXGroup;
			children = (
				CAE7372229F5A097000982C1 /* CCal */,
				CA72382929F9902F00DB76D3 /* CCalTests */,
				CAE7372129F5A097000982C1 /* Products */,
			);
			sourceTree = "<group>";
		};
		CAE7372129F5A097000982C1 /* Products */ = {
			isa = PBXGroup;
			children = (
				CAE7372029F5A097000982C1 /* CCal */,
				CA72382829F9902E00DB76D3 /* CCalTests.xctest */,
			);
			name = Products;
			sourceTree = "<group>";
		};
		CAE7372229F5A097000982C1 /* CCal */ = {
			isa = PBXGroup;
			children = (
				CAE7372C29F5A2D8000982C1 /* Extensions */,
				CA9EDE6229F8D0E600FC9B96 /* RPNCal.swift */,
				CAE7372329F5A097000982C1 /* main.swift */,
			);
			path = CCal;
			sourceTree = "<group>";
		};
		CAE7372C29F5A2D8000982C1 /* Extensions */ = {
			isa = PBXGroup;
			children = (
				CAE7372A29F5A203000982C1 /* Array+Helpers.swift */,
				CA1AD38229FE146200FE90F6 /* Strings.swift */,
				CA311A9029F6506400CEB8C2 /* String+SpecialCharacters.swift */,
			);
			path = Extensions;
			sourceTree = "<group>";
		};
/* End PBXGroup section */

/* Begin PBXNativeTarget section */
		CA72382729F9902E00DB76D3 /* CCalTests */ = {
			isa = PBXNativeTarget;
			buildConfigurationList = CA72382C29F9902F00DB76D3 /* Build configuration list for PBXNativeTarget "CCalTests" */;
			buildPhases = (
				CA72382429F9902E00DB76D3 /* Sources */,
				CA72382529F9902E00DB76D3 /* Frameworks */,
				CA72382629F9902E00DB76D3 /* Resources */,
			);
			buildRules = (
			);
			dependencies = (
			);
			name = CCalTests;
			productName = CCalTests;
			productReference = CA72382829F9902E00DB76D3 /* CCalTests.xctest */;
			productType = "com.apple.product-type.bundle.unit-test";
		};
		CAE7371F29F5A097000982C1 /* CCal */ = {
			isa = PBXNativeTarget;
			buildConfigurationList = CAE7372729F5A097000982C1 /* Build configuration list for PBXNativeTarget "CCal" */;
			buildPhases = (
				CAE7371C29F5A097000982C1 /* Sources */,
				CAE7371D29F5A097000982C1 /* Frameworks */,
				CAE7371E29F5A097000982C1 /* CopyFiles */,
			);
			buildRules = (
			);
			dependencies = (
			);
			name = CCal;
			productName = CCal;
			productReference = CAE7372029F5A097000982C1 /* CCal */;
			productType = "com.apple.product-type.tool";
		};
/* End PBXNativeTarget section */

/* Begin PBXProject section */
		CAE7371829F5A097000982C1 /* Project object */ = {
			isa = PBXProject;
			attributes = {
				BuildIndependentTargetsInParallel = 1;
				LastSwiftUpdateCheck = 1430;
				LastUpgradeCheck = 1430;
				TargetAttributes = {
					CA72382729F9902E00DB76D3 = {
						CreatedOnToolsVersion = 14.3;
					};
					CAE7371F29F5A097000982C1 = {
						CreatedOnToolsVersion = 14.3;
					};
				};
			};
			buildConfigurationList = CAE7371B29F5A097000982C1 /* Build configuration list for PBXProject "CCal" */;
			compatibilityVersion = "Xcode 14.0";
			developmentRegion = en;
			hasScannedForEncodings = 0;
			knownRegions = (
				en,
				Base,
			);
			mainGroup = CAE7371729F5A097000982C1;
			productRefGroup = CAE7372129F5A097000982C1 /* Products */;
			projectDirPath = "";
			projectRoot = "";
			targets = (
				CAE7371F29F5A097000982C1 /* CCal */,
				CA72382729F9902E00DB76D3 /* CCalTests */,
			);
		};
/* End PBXProject section */

/* Begin PBXResourcesBuildPhase section */
		CA72382629F9902E00DB76D3 /* Resources */ = {
			isa = PBXResourcesBuildPhase;
			buildActionMask = 2147483647;
			files = (
			);
			runOnlyForDeploymentPostprocessing = 0;
		};
/* End PBXResourcesBuildPhase section */

/* Begin PBXSourcesBuildPhase section */
		CA72382429F9902E00DB76D3 /* Sources */ = {
			isa = PBXSourcesBuildPhase;
			buildActionMask = 2147483647;
			files = (
				CA72383129F9904100DB76D3 /* Array+Helpers.swift in Sources */,
				CA72383029F9903E00DB76D3 /* String+SpecialCharacters.swift in Sources */,
				CA72382B29F9902F00DB76D3 /* CCalTests.swift in Sources */,
				CA72382F29F9903900DB76D3 /* RPNCal.swift in Sources */,
			);
			runOnlyForDeploymentPostprocessing = 0;
		};
		CAE7371C29F5A097000982C1 /* Sources */ = {
			isa = PBXSourcesBuildPhase;
			buildActionMask = 2147483647;
			files = (
				CA311A9129F6506400CEB8C2 /* String+SpecialCharacters.swift in Sources */,
				CAE7372B29F5A203000982C1 /* Array+Helpers.swift in Sources */,
				CA1AD38329FE146200FE90F6 /* Strings.swift in Sources */,
				CA9EDE6329F8D0E600FC9B96 /* RPNCal.swift in Sources */,
				CAE7372429F5A097000982C1 /* main.swift in Sources */,
			);
			runOnlyForDeploymentPostprocessing = 0;
		};
/* End PBXSourcesBuildPhase section */

/* Begin XCBuildConfiguration section */
		CA72382D29F9902F00DB76D3 /* Debug */ = {
			isa = XCBuildConfiguration;
			buildSettings = {
				CODE_SIGN_STYLE = Automatic;
				CURRENT_PROJECT_VERSION = 1;
				DEVELOPMENT_TEAM = 4NK62H99X6;
				GENERATE_INFOPLIST_FILE = YES;
				MARKETING_VERSION = 1.0;
				PRODUCT_BUNDLE_IDENTIFIER = com.jareksedy.CCalTests;
				PRODUCT_NAME = "$(TARGET_NAME)";
				SWIFT_EMIT_LOC_STRINGS = NO;
				SWIFT_VERSION = 5.0;
			};
			name = Debug;
		};
		CA72382E29F9902F00DB76D3 /* Release */ = {
			isa = XCBuildConfiguration;
			buildSettings = {
				CODE_SIGN_STYLE = Automatic;
				CURRENT_PROJECT_VERSION = 1;
				DEVELOPMENT_TEAM = 4NK62H99X6;
				GENERATE_INFOPLIST_FILE = YES;
				MARKETING_VERSION = 1.0;
				PRODUCT_BUNDLE_IDENTIFIER = com.jareksedy.CCalTests;
				PRODUCT_NAME = "$(TARGET_NAME)";
				SWIFT_EMIT_LOC_STRINGS = NO;
				SWIFT_VERSION = 5.0;
			};
			name = Release;
		};
		CAE7372529F5A097000982C1 /* Debug */ = {
			isa = XCBuildConfiguration;
			buildSettings = {
				ALWAYS_SEARCH_USER_PATHS = NO;
				CLANG_ANALYZER_NONNULL = YES;
				CLANG_ANALYZER_NUMBER_OBJECT_CONVERSION = YES_AGGRESSIVE;
				CLANG_CXX_LANGUAGE_STANDARD = "gnu++20";
				CLANG_ENABLE_MODULES = YES;
				CLANG_ENABLE_OBJC_ARC = YES;
				CLANG_ENABLE_OBJC_WEAK = YES;
				CLANG_WARN_BLOCK_CAPTURE_AUTORELEASING = YES;
				CLANG_WARN_BOOL_CONVERSION = YES;
				CLANG_WARN_COMMA = YES;
				CLANG_WARN_CONSTANT_CONVERSION = YES;
				CLANG_WARN_DEPRECATED_OBJC_IMPLEMENTATIONS = YES;
				CLANG_WARN_DIRECT_OBJC_ISA_USAGE = YES_ERROR;
				CLANG_WARN_DOCUMENTATION_COMMENTS = YES;
				CLANG_WARN_EMPTY_BODY = YES;
				CLANG_WARN_ENUM_CONVERSION = YES;
				CLANG_WARN_INFINITE_RECURSION = YES;
				CLANG_WARN_INT_CONVERSION = YES;
				CLANG_WARN_NON_LITERAL_NULL_CONVERSION = YES;
				CLANG_WARN_OBJC_IMPLICIT_RETAIN_SELF = YES;
				CLANG_WARN_OBJC_LITERAL_CONVERSION = YES;
				CLANG_WARN_OBJC_ROOT_CLASS = YES_ERROR;
				CLANG_WARN_QUOTED_INCLUDE_IN_FRAMEWORK_HEADER = YES;
				CLANG_WARN_RANGE_LOOP_ANALYSIS = YES;
				CLANG_WARN_STRICT_PROTOTYPES = YES;
				CLANG_WARN_SUSPICIOUS_MOVE = YES;
				CLANG_WARN_UNGUARDED_AVAILABILITY = YES_AGGRESSIVE;
				CLANG_WARN_UNREACHABLE_CODE = YES;
				CLANG_WARN__DUPLICATE_METHOD_MATCH = YES;
				COPY_PHASE_STRIP = NO;
				DEBUG_INFORMATION_FORMAT = dwarf;
				ENABLE_STRICT_OBJC_MSGSEND = YES;
				ENABLE_TESTABILITY = YES;
				GCC_C_LANGUAGE_STANDARD = gnu11;
				GCC_DYNAMIC_NO_PIC = NO;
				GCC_NO_COMMON_BLOCKS = YES;
				GCC_OPTIMIZATION_LEVEL = 0;
				GCC_PREPROCESSOR_DEFINITIONS = (
					"DEBUG=1",
					"$(inherited)",
				);
				GCC_WARN_64_TO_32_BIT_CONVERSION = YES;
				GCC_WARN_ABOUT_RETURN_TYPE = YES_ERROR;
				GCC_WARN_UNDECLARED_SELECTOR = YES;
				GCC_WARN_UNINITIALIZED_AUTOS = YES_AGGRESSIVE;
				GCC_WARN_UNUSED_FUNCTION = YES;
				GCC_WARN_UNUSED_VARIABLE = YES;
				MACOSX_DEPLOYMENT_TARGET = 13.3;
				MTL_ENABLE_DEBUG_INFO = INCLUDE_SOURCE;
				MTL_FAST_MATH = YES;
				ONLY_ACTIVE_ARCH = YES;
				SDKROOT = macosx;
				SWIFT_ACTIVE_COMPILATION_CONDITIONS = DEBUG;
				SWIFT_OPTIMIZATION_LEVEL = "-Onone";
			};
			name = Debug;
		};
		CAE7372629F5A097000982C1 /* Release */ = {
			isa = XCBuildConfiguration;
			buildSettings = {
				ALWAYS_SEARCH_USER_PATHS = NO;
				CLANG_ANALYZER_NONNULL = YES;
				CLANG_ANALYZER_NUMBER_OBJECT_CONVERSION = YES_AGGRESSIVE;
				CLANG_CXX_LANGUAGE_STANDARD = "gnu++20";
				CLANG_ENABLE_MODULES = YES;
				CLANG_ENABLE_OBJC_ARC = YES;
				CLANG_ENABLE_OBJC_WEAK = YES;
				CLANG_WARN_BLOCK_CAPTURE_AUTORELEASING = YES;
				CLANG_WARN_BOOL_CONVERSION = YES;
				CLANG_WARN_COMMA = YES;
				CLANG_WARN_CONSTANT_CONVERSION = YES;
				CLANG_WARN_DEPRECATED_OBJC_IMPLEMENTATIONS = YES;
				CLANG_WARN_DIRECT_OBJC_ISA_USAGE = YES_ERROR;
				CLANG_WARN_DOCUMENTATION_COMMENTS = YES;
				CLANG_WARN_EMPTY_BODY = YES;
				CLANG_WARN_ENUM_CONVERSION = YES;
				CLANG_WARN_INFINITE_RECURSION = YES;
				CLANG_WARN_INT_CONVERSION = YES;
				CLANG_WARN_NON_LITERAL_NULL_CONVERSION = YES;
				CLANG_WARN_OBJC_IMPLICIT_RETAIN_SELF = YES;
				CLANG_WARN_OBJC_LITERAL_CONVERSION = YES;
				CLANG_WARN_OBJC_ROOT_CLASS = YES_ERROR;
				CLANG_WARN_QUOTED_INCLUDE_IN_FRAMEWORK_HEADER = YES;
				CLANG_WARN_RANGE_LOOP_ANALYSIS = YES;
				CLANG_WARN_STRICT_PROTOTYPES = YES;
				CLANG_WARN_SUSPICIOUS_MOVE = YES;
				CLANG_WARN_UNGUARDED_AVAILABILITY = YES_AGGRESSIVE;
				CLANG_WARN_UNREACHABLE_CODE = YES;
				CLANG_WARN__DUPLICATE_METHOD_MATCH = YES;
				COPY_PHASE_STRIP = NO;
				DEBUG_INFORMATION_FORMAT = "dwarf-with-dsym";
				ENABLE_NS_ASSERTIONS = NO;
				ENABLE_STRICT_OBJC_MSGSEND = YES;
				GCC_C_LANGUAGE_STANDARD = gnu11;
				GCC_NO_COMMON_BLOCKS = YES;
				GCC_WARN_64_TO_32_BIT_CONVERSION = YES;
				GCC_WARN_ABOUT_RETURN_TYPE = YES_ERROR;
				GCC_WARN_UNDECLARED_SELECTOR = YES;
				GCC_WARN_UNINITIALIZED_AUTOS = YES_AGGRESSIVE;
				GCC_WARN_UNUSED_FUNCTION = YES;
				GCC_WARN_UNUSED_VARIABLE = YES;
				MACOSX_DEPLOYMENT_TARGET = 13.3;
				MTL_ENABLE_DEBUG_INFO = NO;
				MTL_FAST_MATH = YES;
				SDKROOT = macosx;
				SWIFT_COMPILATION_MODE = wholemodule;
				SWIFT_OPTIMIZATION_LEVEL = "-O";
			};
			name = Release;
		};
		CAE7372829F5A097000982C1 /* Debug */ = {
			isa = XCBuildConfiguration;
			buildSettings = {
				"CODE_SIGN_IDENTITY[sdk=macosx*]" = "-";
				CODE_SIGN_STYLE = Automatic;
				DEVELOPMENT_TEAM = 4NK62H99X6;
				ENABLE_HARDENED_RUNTIME = YES;
				MACOSX_DEPLOYMENT_TARGET = 12.4;
				PRODUCT_NAME = "$(TARGET_NAME)";
				SWIFT_VERSION = 5.0;
			};
			name = Debug;
		};
		CAE7372929F5A097000982C1 /* Release */ = {
			isa = XCBuildConfiguration;
			buildSettings = {
				"CODE_SIGN_IDENTITY[sdk=macosx*]" = "-";
				CODE_SIGN_STYLE = Automatic;
				DEVELOPMENT_TEAM = 4NK62H99X6;
				ENABLE_HARDENED_RUNTIME = YES;
				MACOSX_DEPLOYMENT_TARGET = 12.4;
				PRODUCT_NAME = "$(TARGET_NAME)";
				SWIFT_VERSION = 5.0;
			};
			name = Release;
		};
/* End XCBuildConfiguration section */

/* Begin XCConfigurationList section */
		CA72382C29F9902F00DB76D3 /* Build configuration list for PBXNativeTarget "CCalTests" */ = {
			isa = XCConfigurationList;
			buildConfigurations = (
				CA72382D29F9902F00DB76D3 /* Debug */,
				CA72382E29F9902F00DB76D3 /* Release */,
			);
			defaultConfigurationIsVisible = 0;
			defaultConfigurationName = Release;
		};
		CAE7371B29F5A097000982C1 /* Build configuration list for PBXProject "CCal" */ = {
			isa = XCConfigurationList;
			buildConfigurations = (
				CAE7372529F5A097000982C1 /* Debug */,
				CAE7372629F5A097000982C1 /* Release */,
			);
			defaultConfigurationIsVisible = 0;
			defaultConfigurationName = Release;
		};
		CAE7372729F5A097000982C1 /* Build configuration list for PBXNativeTarget "CCal" */ = {
			isa = XCConfigurationList;
			buildConfigurations = (
				CAE7372829F5A097000982C1 /* Debug */,
				CAE7372929F5A097000982C1 /* Release */,
			);
			defaultConfigurationIsVisible = 0;
			defaultConfigurationName = Release;
		};
/* End XCConfigurationList section */
	};
	rootObject = CAE7371829F5A097000982C1 /* Project object */;
}
